{
  "nodes": {
    "ambxst": {
      "inputs": {
        "axctl": "axctl",
        "nixpkgs": [
          "nixpkgs"
        ]
      },
      "locked": {
        "lastModified": 1789228675,
        "narHash": "sha256-5FJ1+vvzGEF+4YOyUkOY5fCy07XGOx/xdHuxDiCHQZ0=",
        "owner": "Axenide",
        "repo": "Ambxst",
        "rev": "d6a3b7207bdc9591d545ee6cac785446279a5a72",
        "type": "github"
      },
      "original": {
        "owner": "Axenide",
        "repo": "Ambxst",
        "type": "github"
      }
    },
    "axctl": {
      "inputs": {
        "nixpkgs": [
          "ambxst",
          "nixpkgs"
        ]
      },
      "locked": {
        "lastModified": 1788986922,
        "narHash": "sha256-QwrH89TPuG1+zueHENWO0RBonVGWdBcdjx08pJ2bJu0=",
        "owner": "Axenide",
        "repo": "axctl",
        "rev": "86ce5abcecd68e9e828b69885ac3551686066c4a",
        "type": "github"
      },
      "original": {
        "owner": "Axenide",
        "repo": "axctl",
        "type": "github"
      }
    },
    "flake-utils": {
      "inputs": {
        "systems": "systems"
      },
      "locked": {
        "lastModified": 1731533236,
        "narHash": "sha256-l0KFg5HjrsfsO/JpG+r7fRrqm12kzFHyUHqHCVpMMbI=",
        "owner": "numtide",
        "repo": "flake-utils",
        "rev": "11707dc2f618dd54ca8739b309ec4fc024de578b",
        "type": "github"
      },
      "original": {
        "owner": "numtide",
        "repo": "flake-utils",
        "type": "github"
      }
    },
    "home-manager": {
      "inputs": {
        "nixpkgs": [
          "nixpkgs"
        ]
      },
      "locked": {
        "lastModified": 1789386765,
        "narHash": "sha256-4hyLFBhzQC7+qPMELWc7J/sbdA6ckXZxXU9CYRsGhsc=",
        "owner": "nix-community",
        "repo": "home-manager",
        "rev": "87c391f49a34660de6010f35bb50fb1bf811be9f",
        "type": "github"
      },
      "original": {
        "owner": "nix-community",
        "ref": "master",
        "repo": "home-manager",
        "type": "github"
      }
    },
    "nixpkgs": {
      "locked": {
        "lastModified": 1789286504,
        "narHash": "sha256-eiEK7cKZORNEvX0GeF3RtNEF/JXhgf2RqSp3230q13E=",
        "owner": "nixos",
        "repo": "nixpkgs",
        "rev": "ef34387ddd751e1ab8857adf4676492d32eb24ec",
        "type": "github"
      },
      "original": {
        "owner": "nixos",
        "ref": "nixos-unstable",
        "repo": "nixpkgs",
        "type": "github"
      }
    },
    "nixpkgs_2": {
      "locked": {
        "lastModified": 1789149629,
        "narHash": "sha256-eQUZVehWLDBbpBR2rq6DnuRee1ULT6Y675RhsYDSjYI=",
        "rev": "eaad089433ca2bb662274377d33df3d0e51ef28b",
        "type": "tarball",
        "url": "https://releases.nixos.org/nixos/unstable/nixos-26.11pre1072397.eaad089433ca/nixexprs.tar.xz"
      },
      "original": {
        "type": "tarball",
        "url": "https://channels.nixos.org/nixos-unstable/nixexprs.tar.xz"
      }
    },
    "root": {
      "inputs": {
        "ambxst": "ambxst",
        "flake-utils": "flake-utils",
        "home-manager": "home-manager",
        "nixpkgs": "nixpkgs",
        "sf-mono-liga-src": "sf-mono-liga-src",
        "spicetify-nix": "spicetify-nix"
      }
    },
    "sf-mono-liga-src": {
      "flake": false,
      "locked": {
        "lastModified": 1688258025,
        "narHash": "sha256-AYjKrVLISsJWXN6Cj74wXmbJtREkFDYOCRw1t2nVH2w=",
        "owner": "shaunsingh",
        "repo": "SFMono-Nerd-Font-Ligaturized",
        "rev": "dc5a3e6fcc2e16ad476b7be3c3c17c2273b260ea",
        "type": "github"
      },
      "original": {
        "owner": "shaunsingh",
        "repo": "SFMono-Nerd-Font-Ligaturized",
        "type": "github"
      }
    },
    "spicetify-nix": {
      "inputs": {
        "nixpkgs": "nixpkgs_2",
        "systems": "systems_2"
      },
      "locked": {
        "lastModified": 1789291406,
        "narHash": "sha256-lfZ7yAaTZMuAzOSLjJ7ivrKIFk0E11koWTVgkWSXwuE=",
        "owner": "Gerg-L",
        "repo": "spicetify-nix",
        "rev": "09eed5c95105aada9ffabd4c7eb6b345dc4ba66f",
        "type": "github"
      },
      "original": {
        "owner": "Gerg-L",
        "repo": "spicetify-nix",
        "type": "github"
      }
    },
    "systems": {
      "locked": {
        "lastModified": 1681028828,
        "narHash": "sha256-Vy1rq5AaRuLzOxct8nz4T6wlgyUR7zLU309k9mBC768=",
        "owner": "nix-systems",
        "repo": "default",
        "rev": "da67096a3b9bf56a91d16901293e51ba5b49a27e",
        "type": "github"
      },
      "original": {
        "owner": "nix-systems",
        "repo": "default",
        "type": "github"
      }
    },
    "systems_2": {
      "locked": {
        "lastModified": 1681028828,
        "narHash": "sha256-Vy1rq5AaRuLzOxct8nz4T6wlgyUR7zLU309k9mBC768=",
        "owner": "nix-systems",
        "repo": "default",
        "rev": "da67096a3b9bf56a91d16901293e51ba5b49a27e",
        "type": "github"
      },
      "original": {
        "owner": "nix-systems",
        "repo": "default",
        "type": "github"
      }
    }
  },
  "root": "root",
  "version": 7
}
